
Microsoft Visual Studio Solution File, Format Version 12.00
# Visual Studio Version 16
VisualStudioVersion = 16.0.30011.22
MinimumVisualStudioVersion = 10.0.40219.1
Project("{9A19103F-16F7-4668-BE54-9A1E7A4F7556}") = "PrimeFactors", "PrimeFactors.csproj", "{DF6C20C2-DE91-4F65-AF6A-8CD7A99ADC83}"
EndProject
Global
	GlobalSection(SolutionConfigurationPlatforms) = preSolution
		Debug|Any CPU = Debug|Any CPU
		Release|Any CPU = Release|Any CPU
	EndGlobalSection
	GlobalSection(ProjectConfigurationPlatforms) = postSolution
		{DF6C20C2-DE91-4F65-AF6A-8CD7A99ADC83}.Debug|Any CPU.ActiveCfg = Debug|Any CPU
		{DF6C20C2-DE91-4F65-AF6A-8CD7A99ADC83}.Debug|Any CPU.Build.0 = Debug|Any CPU
		{DF6C20C2-DE91-4F65-AF6A-8CD7A99ADC83}.Release|Any CPU.ActiveCfg = Release|Any CPU
		{DF6C20C2-DE91-4F65-AF6A-8CD7A99ADC83}.Release|Any CPU.Build.0 = Release|Any CPU
	EndGlobalSection
	GlobalSection(SolutionProperties) = preSolution
		HideSolutionNode = FALSE
	EndGlobalSection
	GlobalSection(ExtensibilityGlobals) = postSolution
		SolutionGuid = {7DBBCAB0-AF63-4E49-8479-CE0BC2021D9D}
	EndGlobalSection
EndGlobal
