
Microsoft Visual Studio Solution File, Format Version 12.00
# Visual Studio Version 16
VisualStudioVersion = 16.0.30011.22
MinimumVisualStudioVersion = 10.0.40219.1
Project("{9A19103F-16F7-4668-BE54-9A1E7A4F7556}") = "PythagoreanTriplet", "PythagoreanTriplet.csproj", "{F87D5406-37A7-4AA0-ABAB-A7D6012E738A}"
EndProject
Global
	GlobalSection(SolutionConfigurationPlatforms) = preSolution
		Debug|Any CPU = Debug|Any CPU
		Release|Any CPU = Release|Any CPU
	EndGlobalSection
	GlobalSection(ProjectConfigurationPlatforms) = postSolution
		{F87D5406-37A7-4AA0-ABAB-A7D6012E738A}.Debug|Any CPU.ActiveCfg = Debug|Any CPU
		{F87D5406-37A7-4AA0-ABAB-A7D6012E738A}.Debug|Any CPU.Build.0 = Debug|Any CPU
		{F87D5406-37A7-4AA0-ABAB-A7D6012E738A}.Release|Any CPU.ActiveCfg = Release|Any CPU
		{F87D5406-37A7-4AA0-ABAB-A7D6012E738A}.Release|Any CPU.Build.0 = Release|Any CPU
	EndGlobalSection
	GlobalSection(SolutionProperties) = preSolution
		HideSolutionNode = FALSE
	EndGlobalSection
	GlobalSection(ExtensibilityGlobals) = postSolution
		SolutionGuid = {53B797FA-64B1-422D-A16E-BD0E4DBBB50D}
	EndGlobalSection
EndGlobal
