
Microsoft Visual Studio Solution File, Format Version 12.00
# Visual Studio Version 16
VisualStudioVersion = 16.0.30011.22
MinimumVisualStudioVersion = 10.0.40219.1
Project("{9A19103F-16F7-4668-BE54-9A1E7A4F7556}") = "ReverseString", "ReverseString.csproj", "{DBA8D1F9-FD1F-4899-B5F8-4CCB0D667FD4}"
EndProject
Global
	GlobalSection(SolutionConfigurationPlatforms) = preSolution
		Debug|Any CPU = Debug|Any CPU
		Release|Any CPU = Release|Any CPU
	EndGlobalSection
	GlobalSection(ProjectConfigurationPlatforms) = postSolution
		{DBA8D1F9-FD1F-4899-B5F8-4CCB0D667FD4}.Debug|Any CPU.ActiveCfg = Debug|Any CPU
		{DBA8D1F9-FD1F-4899-B5F8-4CCB0D667FD4}.Debug|Any CPU.Build.0 = Debug|Any CPU
		{DBA8D1F9-FD1F-4899-B5F8-4CCB0D667FD4}.Release|Any CPU.ActiveCfg = Release|Any CPU
		{DBA8D1F9-FD1F-4899-B5F8-4CCB0D667FD4}.Release|Any CPU.Build.0 = Release|Any CPU
	EndGlobalSection
	GlobalSection(SolutionProperties) = preSolution
		HideSolutionNode = FALSE
	EndGlobalSection
	GlobalSection(ExtensibilityGlobals) = postSolution
		SolutionGuid = {5BEFD233-CDF9-443C-9C7C-F3B343CE40F3}
	EndGlobalSection
EndGlobal
