
Microsoft Visual Studio Solution File, Format Version 12.00
# Visual Studio Version 16
VisualStudioVersion = 16.0.30011.22
MinimumVisualStudioVersion = 10.0.40219.1
Project("{9A19103F-16F7-4668-BE54-9A1E7A4F7556}") = "Isogram", "Isogram.csproj", "{B7BDB84A-EC21-48E8-8D74-93AC5D9170E0}"
EndProject
Global
	GlobalSection(SolutionConfigurationPlatforms) = preSolution
		Debug|Any CPU = Debug|Any CPU
		Release|Any CPU = Release|Any CPU
	EndGlobalSection
	GlobalSection(ProjectConfigurationPlatforms) = postSolution
		{B7BDB84A-EC21-48E8-8D74-93AC5D9170E0}.Debug|Any CPU.ActiveCfg = Debug|Any CPU
		{B7BDB84A-EC21-48E8-8D74-93AC5D9170E0}.Debug|Any CPU.Build.0 = Debug|Any CPU
		{B7BDB84A-EC21-48E8-8D74-93AC5D9170E0}.Release|Any CPU.ActiveCfg = Release|Any CPU
		{B7BDB84A-EC21-48E8-8D74-93AC5D9170E0}.Release|Any CPU.Build.0 = Release|Any CPU
	EndGlobalSection
	GlobalSection(SolutionProperties) = preSolution
		HideSolutionNode = FALSE
	EndGlobalSection
	GlobalSection(ExtensibilityGlobals) = postSolution
		SolutionGuid = {0119E891-6902-4EB5-B2C8-FB2C6CAD7D9F}
	EndGlobalSection
EndGlobal
