
Microsoft Visual Studio Solution File, Format Version 12.00
# Visual Studio Version 16
VisualStudioVersion = 16.0.30011.22
MinimumVisualStudioVersion = 10.0.40219.1
Project("{9A19103F-16F7-4668-BE54-9A1E7A4F7556}") = "Grains", "Grains.csproj", "{C9E77297-B4C9-4E62-9673-FCE737C87CDD}"
EndProject
Global
	GlobalSection(SolutionConfigurationPlatforms) = preSolution
		Debug|Any CPU = Debug|Any CPU
		Release|Any CPU = Release|Any CPU
	EndGlobalSection
	GlobalSection(ProjectConfigurationPlatforms) = postSolution
		{C9E77297-B4C9-4E62-9673-FCE737C87CDD}.Debug|Any CPU.ActiveCfg = Debug|Any CPU
		{C9E77297-B4C9-4E62-9673-FCE737C87CDD}.Debug|Any CPU.Build.0 = Debug|Any CPU
		{C9E77297-B4C9-4E62-9673-FCE737C87CDD}.Release|Any CPU.ActiveCfg = Release|Any CPU
		{C9E77297-B4C9-4E62-9673-FCE737C87CDD}.Release|Any CPU.Build.0 = Release|Any CPU
	EndGlobalSection
	GlobalSection(SolutionProperties) = preSolution
		HideSolutionNode = FALSE
	EndGlobalSection
	GlobalSection(ExtensibilityGlobals) = postSolution
		SolutionGuid = {A6B54846-6794-4481-81C2-E8448F9F950C}
	EndGlobalSection
EndGlobal
