
Microsoft Visual Studio Solution File, Format Version 12.00
# Visual Studio Version 16
VisualStudioVersion = 16.0.30011.22
MinimumVisualStudioVersion = 10.0.40219.1
Project("{9A19103F-16F7-4668-BE54-9A1E7A4F7556}") = "Leap", "Leap.csproj", "{1C73444C-3DA8-40A8-A142-12D1CEDE6177}"
EndProject
Global
	GlobalSection(SolutionConfigurationPlatforms) = preSolution
		Debug|Any CPU = Debug|Any CPU
		Release|Any CPU = Release|Any CPU
	EndGlobalSection
	GlobalSection(ProjectConfigurationPlatforms) = postSolution
		{1C73444C-3DA8-40A8-A142-12D1CEDE6177}.Debug|Any CPU.ActiveCfg = Debug|Any CPU
		{1C73444C-3DA8-40A8-A142-12D1CEDE6177}.Debug|Any CPU.Build.0 = Debug|Any CPU
		{1C73444C-3DA8-40A8-A142-12D1CEDE6177}.Release|Any CPU.ActiveCfg = Release|Any CPU
		{1C73444C-3DA8-40A8-A142-12D1CEDE6177}.Release|Any CPU.Build.0 = Release|Any CPU
	EndGlobalSection
	GlobalSection(SolutionProperties) = preSolution
		HideSolutionNode = FALSE
	EndGlobalSection
	GlobalSection(ExtensibilityGlobals) = postSolution
		SolutionGuid = {1BD33F4C-5770-4697-8870-44026EF8F095}
	EndGlobalSection
EndGlobal
