
Microsoft Visual Studio Solution File, Format Version 12.00
# Visual Studio Version 16
VisualStudioVersion = 16.0.30011.22
MinimumVisualStudioVersion = 10.0.40219.1
Project("{9A19103F-16F7-4668-BE54-9A1E7A4F7556}") = "Acronym", "Acronym.csproj", "{985D7CC0-65FB-4833-9B81-9789698E4B59}"
EndProject
Global
	GlobalSection(SolutionConfigurationPlatforms) = preSolution
		Debug|Any CPU = Debug|Any CPU
		Release|Any CPU = Release|Any CPU
	EndGlobalSection
	GlobalSection(ProjectConfigurationPlatforms) = postSolution
		{985D7CC0-65FB-4833-9B81-9789698E4B59}.Debug|Any CPU.ActiveCfg = Debug|Any CPU
		{985D7CC0-65FB-4833-9B81-9789698E4B59}.Debug|Any CPU.Build.0 = Debug|Any CPU
		{985D7CC0-65FB-4833-9B81-9789698E4B59}.Release|Any CPU.ActiveCfg = Release|Any CPU
		{985D7CC0-65FB-4833-9B81-9789698E4B59}.Release|Any CPU.Build.0 = Release|Any CPU
	EndGlobalSection
	GlobalSection(SolutionProperties) = preSolution
		HideSolutionNode = FALSE
	EndGlobalSection
	GlobalSection(ExtensibilityGlobals) = postSolution
		SolutionGuid = {6764201F-F8B2-477C-9AE2-79699623DB9F}
	EndGlobalSection
EndGlobal
